
Microsoft Visual Studio Solution File, Format Version 12.00
# Visual Studio Version 17
VisualStudioVersion = 17.11.35431.28
MinimumVisualStudioVersion = 10.0.40219.1
Project("{FAE04EC0-301F-11D3-BF4B-00C04F79EFBC}") = "Trees", "Trees\Trees.csproj", "{C19E90FC-9D12-4973-9267-D0B5D8AF58CB}"
EndProject
Global
	GlobalSection(SolutionConfigurationPlatforms) = preSolution
		Debug|Any CPU = Debug|Any CPU
		Release|Any CPU = Release|Any CPU
	EndGlobalSection
	GlobalSection(ProjectConfigurationPlatforms) = postSolution
		{C19E90FC-9D12-4973-9267-D0B5D8AF58CB}.Debug|Any CPU.ActiveCfg = Debug|Any CPU
		{C19E90FC-9D12-4973-9267-D0B5D8AF58CB}.Debug|Any CPU.Build.0 = Debug|Any CPU
		{C19E90FC-9D12-4973-9267-D0B5D8AF58CB}.Release|Any CPU.ActiveCfg = Release|Any CPU
		{C19E90FC-9D12-4973-9267-D0B5D8AF58CB}.Release|Any CPU.Build.0 = Release|Any CPU
	EndGlobalSection
	GlobalSection(SolutionProperties) = preSolution
		HideSolutionNode = FALSE
	EndGlobalSection
	GlobalSection(ExtensibilityGlobals) = postSolution
		SolutionGuid = {8A36D3AD-CAAD-49E8-A1DC-A5EEACE6AB39}
	EndGlobalSection
EndGlobal
